// !$*UTF8*$!
{
	archiveVersion = 1;
	classes = {
	};
	objectVersion = 46;
	objects = {

/* Begin PBXBuildFile section */
		4540031F1F24A970001330CB /* TaGelada.swift in Sources */ = {isa = PBXBuildFile; fileRef = 4540031E1F24A970001330CB /* TaGelada.swift */; };
		454003211F24A9B9001330CB /* TaGeladaAPI.swift in Sources */ = {isa = PBXBuildFile; fileRef = 454003201F24A9B9001330CB /* TaGeladaAPI.swift */; };
		454003231F24A9C6001330CB /* TaGeladaViewController.swift in Sources */ = {isa = PBXBuildFile; fileRef = 454003221F24A9C6001330CB /* TaGeladaViewController.swift */; };
		454003251F24AC52001330CB /* TaGeladaCollectionViewCell.swift in Sources */ = {isa = PBXBuildFile; fileRef = 454003241F24AC52001330CB /* TaGeladaCollectionViewCell.swift */; };
		45D335351F24A59000102F41 /* AppDelegate.swift in Sources */ = {isa = PBXBuildFile; fileRef = 45D335341F24A59000102F41 /* AppDelegate.swift */; };
		45D3353A1F24A59000102F41 /* Main.storyboard in Resources */ = {isa = PBXBuildFile; fileRef = 45D335381F24A59000102F41 /* Main.storyboard */; };
		45D3353D1F24A59000102F41 /* TaGeladaApp.xcdatamodeld in Sources */ = {isa = PBXBuildFile; fileRef = 45D3353B1F24A59000102F41 /* TaGeladaApp.xcdatamodeld */; };
		45D3353F1F24A59000102F41 /* Assets.xcassets in Resources */ = {isa = PBXBuildFile; fileRef = 45D3353E1F24A59000102F41 /* Assets.xcassets */; };
		45D335421F24A59000102F41 /* LaunchScreen.storyboard in Resources */ = {isa = PBXBuildFile; fileRef = 45D335401F24A59000102F41 /* LaunchScreen.storyboard */; };
		45D3354D1F24A59000102F41 /* TaGeladaAppTests.swift in Sources */ = {isa = PBXBuildFile; fileRef = 45D3354C1F24A59000102F41 /* TaGeladaAppTests.swift */; };
/* End PBXBuildFile section */

/* Begin PBXContainerItemProxy section */
		45D335491F24A59000102F41 /* PBXContainerItemProxy */ = {
			isa = PBXContainerItemProxy;
			containerPortal = 45D335291F24A58F00102F41 /* Project object */;
			proxyType = 1;
			remoteGlobalIDString = 45D335301F24A59000102F41;
			remoteInfo = TaGeladaApp;
		};
/* End PBXContainerItemProxy section */

/* Begin PBXFileReference section */
		4540031E1F24A970001330CB /* TaGelada.swift */ = {isa = PBXFileReference; fileEncoding = 4; lastKnownFileType = sourcecode.swift; name = TaGelada.swift; path = TaGelada/TaGelada.swift; sourceTree = "<group>"; };
		454003201F24A9B9001330CB /* TaGeladaAPI.swift */ = {isa = PBXFileReference; fileEncoding = 4; lastKnownFileType = sourcecode.swift; name = TaGeladaAPI.swift; path = TaGeladaAPI/TaGeladaAPI.swift; sourceTree = "<group>"; };
		454003221F24A9C6001330CB /* TaGeladaViewController.swift */ = {isa = PBXFileReference; fileEncoding = 4; lastKnownFileType = sourcecode.swift; name = TaGeladaViewController.swift; path = TaGeladaView/TaGeladaViewController.swift; sourceTree = "<group>"; };
		454003241F24AC52001330CB /* TaGeladaCollectionViewCell.swift */ = {isa = PBXFileReference; fileEncoding = 4; lastKnownFileType = sourcecode.swift; name = TaGeladaCollectionViewCell.swift; path = TaGeladaView/TaGeladaCollectionViewCell.swift; sourceTree = "<group>"; };
		45D335311F24A59000102F41 /* TaGeladaApp.app */ = {isa = PBXFileReference; explicitFileType = wrapper.application; includeInIndex = 0; path = TaGeladaApp.app; sourceTree = BUILT_PRODUCTS_DIR; };
		45D335341F24A59000102F41 /* AppDelegate.swift */ = {isa = PBXFileReference; lastKnownFileType = sourcecode.swift; path = AppDelegate.swift; sourceTree = "<group>"; };
		45D335391F24A59000102F41 /* Base */ = {isa = PBXFileReference; lastKnownFileType = file.storyboard; name = Base; path = Base.lproj/Main.storyboard; sourceTree = "<group>"; };
		45D3353C1F24A59000102F41 /* TaGeladaApp.xcdatamodel */ = {isa = PBXFileReference; lastKnownFileType = wrapper.xcdatamodel; path = TaGeladaApp.xcdatamodel; sourceTree = "<group>"; };
		45D3353E1F24A59000102F41 /* Assets.xcassets */ = {isa = PBXFileReference; lastKnownFileType = folder.assetcatalog; path = Assets.xcassets; sourceTree = "<group>"; };
		45D335411F24A59000102F41 /* Base */ = {isa = PBXFileReference; lastKnownFileType = file.storyboard; name = Base; path = Base.lproj/LaunchScreen.storyboard; sourceTree = "<group>"; };
		45D335431F24A59000102F41 /* Info.plist */ = {isa = PBXFileReference; lastKnownFileType = text.plist.xml; path = Info.plist; sourceTree = "<group>"; };
		45D335481F24A59000102F41 /* TaGeladaAppTests.xctest */ = {isa = PBXFileReference; explicitFileType = wrapper.cfbundle; includeInIndex = 0; path = TaGeladaAppTests.xctest; sourceTree = BUILT_PRODUCTS_DIR; };
		45D3354C1F24A59000102F41 /* TaGeladaAppTests.swift */ = {isa = PBXFileReference; lastKnownFileType = sourcecode.swift; path = TaGeladaAppTests.swift; sourceTree = "<group>"; };
		45D3354E1F24A59000102F41 /* Info.plist */ = {isa = PBXFileReference; lastKnownFileType = text.plist.xml; path = Info.plist; sourceTree = "<group>"; };
/* End PBXFileReference section */

/* Begin PBXFrameworksBuildPhase section */
		45D3352E1F24A59000102F41 /* Frameworks */ = {
			isa = PBXFrameworksBuildPhase;
			buildActionMask = 2147483647;
			files = (
			);
			runOnlyForDeploymentPostprocessing = 0;
		};
		45D335451F24A59000102F41 /* Frameworks */ = {
			isa = PBXFrameworksBuildPhase;
			buildActionMask = 2147483647;
			files = (
			);
			runOnlyForDeploymentPostprocessing = 0;
		};
/* End PBXFrameworksBuildPhase section */

/* Begin PBXGroup section */
		4540031A1F24A935001330CB /* TaGeladaAPI */ = {
			isa = PBXGroup;
			children = (
				454003201F24A9B9001330CB /* TaGeladaAPI.swift */,
			);
			name = TaGeladaAPI;
			sourceTree = "<group>";
		};
		4540031D1F24A94D001330CB /* TaGelada */ = {
			isa = PBXGroup;
			children = (
				4540031E1F24A970001330CB /* TaGelada.swift */,
			);
			name = TaGelada;
			sourceTree = "<group>";
		};
		45D335281F24A58F00102F41 = {
			isa = PBXGroup;
			children = (
				45D335331F24A59000102F41 /* TaGeladaApp */,
				45D3354B1F24A59000102F41 /* TaGeladaAppTests */,
				45D335321F24A59000102F41 /* Products */,
			);
			sourceTree = "<group>";
		};
		45D335321F24A59000102F41 /* Products */ = {
			isa = PBXGroup;
			children = (
				45D335311F24A59000102F41 /* TaGeladaApp.app */,
				45D335481F24A59000102F41 /* TaGeladaAppTests.xctest */,
			);
			name = Products;
			sourceTree = "<group>";
		};
		45D335331F24A59000102F41 /* TaGeladaApp */ = {
			isa = PBXGroup;
			children = (
				4540031D1F24A94D001330CB /* TaGelada */,
				4540031A1F24A935001330CB /* TaGeladaAPI */,
				45D335571F24A79600102F41 /* TaGeladaView */,
				45D335341F24A59000102F41 /* AppDelegate.swift */,
				45D335381F24A59000102F41 /* Main.storyboard */,
				45D3353E1F24A59000102F41 /* Assets.xcassets */,
				45D335401F24A59000102F41 /* LaunchScreen.storyboard */,
				45D335431F24A59000102F41 /* Info.plist */,
				45D3353B1F24A59000102F41 /* TaGeladaApp.xcdatamodeld */,
			);
			path = TaGeladaApp;
			sourceTree = "<group>";
		};
		45D3354B1F24A59000102F41 /* TaGeladaAppTests */ = {
			isa = PBXGroup;
			children = (
				45D3354C1F24A59000102F41 /* TaGeladaAppTests.swift */,
				45D3354E1F24A59000102F41 /* Info.plist */,
			);
			path = TaGeladaAppTests;
			sourceTree = "<group>";
		};
		45D335571F24A79600102F41 /* TaGeladaView */ = {
			isa = PBXGroup;
			children = (
				454003221F24A9C6001330CB /* TaGeladaViewController.swift */,
				454003241F24AC52001330CB /* TaGeladaCollectionViewCell.swift */,
			);
			name = TaGeladaView;
			sourceTree = "<group>";
		};
/* End PBXGroup section */

/* Begin PBXNativeTarget section */
		45D335301F24A59000102F41 /* TaGeladaApp */ = {
			isa = PBXNativeTarget;
			buildConfigurationList = 45D335511F24A59000102F41 /* Build configuration list for PBXNativeTarget "TaGeladaApp" */;
			buildPhases = (
				45D3352D1F24A59000102F41 /* Sources */,
				45D3352E1F24A59000102F41 /* Frameworks */,
				45D3352F1F24A59000102F41 /* Resources */,
			);
			buildRules = (
			);
			dependencies = (
			);
			name = TaGeladaApp;
			productName = TaGeladaApp;
			productReference = 45D335311F24A59000102F41 /* TaGeladaApp.app */;
			productType = "com.apple.product-type.application";
		};
		45D335471F24A59000102F41 /* TaGeladaAppTests */ = {
			isa = PBXNativeTarget;
			buildConfigurationList = 45D335541F24A59000102F41 /* Build configuration list for PBXNativeTarget "TaGeladaAppTests" */;
			buildPhases = (
				45D335441F24A59000102F41 /* Sources */,
				45D335451F24A59000102F41 /* Frameworks */,
				45D335461F24A59000102F41 /* Resources */,
			);
			buildRules = (
			);
			dependencies = (
				45D3354A1F24A59000102F41 /* PBXTargetDependency */,
			);
			name = TaGeladaAppTests;
			productName = TaGeladaAppTests;
			productReference = 45D335481F24A59000102F41 /* TaGeladaAppTests.xctest */;
			productType = "com.apple.product-type.bundle.unit-test";
		};
/* End PBXNativeTarget section */

/* Begin PBXProject section */
		45D335291F24A58F00102F41 /* Project object */ = {
			isa = PBXProject;
			attributes = {
				LastSwiftUpdateCheck = 0830;
				LastUpgradeCheck = 0830;
				ORGANIZATIONNAME = "Bruno Augusto Mendes Barreto Alves";
				TargetAttributes = {
					45D335301F24A59000102F41 = {
						CreatedOnToolsVersion = 8.3.3;
						DevelopmentTeam = R34U94DD3F;
						ProvisioningStyle = Automatic;
					};
					45D335471F24A59000102F41 = {
						CreatedOnToolsVersion = 8.3.3;
						DevelopmentTeam = R34U94DD3F;
						ProvisioningStyle = Automatic;
						TestTargetID = 45D335301F24A59000102F41;
					};
				};
			};
			buildConfigurationList = 45D3352C1F24A58F00102F41 /* Build configuration list for PBXProject "TaGeladaApp" */;
			compatibilityVersion = "Xcode 3.2";
			developmentRegion = English;
			hasScannedForEncodings = 0;
			knownRegions = (
				en,
				Base,
			);
			mainGroup = 45D335281F24A58F00102F41;
			productRefGroup = 45D335321F24A59000102F41 /* Products */;
			projectDirPath = "";
			projectRoot = "";
			targets = (
				45D335301F24A59000102F41 /* TaGeladaApp */,
				45D335471F24A59000102F41 /* TaGeladaAppTests */,
			);
		};
/* End PBXProject section */

/* Begin PBXResourcesBuildPhase section */
		45D3352F1F24A59000102F41 /* Resources */ = {
			isa = PBXResourcesBuildPhase;
			buildActionMask = 2147483647;
			files = (
				45D335421F24A59000102F41 /* LaunchScreen.storyboard in Resources */,
				45D3353F1F24A59000102F41 /* Assets.xcassets in Resources */,
				45D3353A1F24A59000102F41 /* Main.storyboard in Resources */,
			);
			runOnlyForDeploymentPostprocessing = 0;
		};
		45D335461F24A59000102F41 /* Resources */ = {
			isa = PBXResourcesBuildPhase;
			buildActionMask = 2147483647;
			files = (
			);
			runOnlyForDeploymentPostprocessing = 0;
		};
/* End PBXResourcesBuildPhase section */

/* Begin PBXSourcesBuildPhase section */
		45D3352D1F24A59000102F41 /* Sources */ = {
			isa = PBXSourcesBuildPhase;
			buildActionMask = 2147483647;
			files = (
				45D3353D1F24A59000102F41 /* TaGeladaApp.xcdatamodeld in Sources */,
				454003211F24A9B9001330CB /* TaGeladaAPI.swift in Sources */,
				454003251F24AC52001330CB /* TaGeladaCollectionViewCell.swift in Sources */,
				454003231F24A9C6001330CB /* TaGeladaViewController.swift in Sources */,
				45D335351F24A59000102F41 /* AppDelegate.swift in Sources */,
				4540031F1F24A970001330CB /* TaGelada.swift in Sources */,
			);
			runOnlyForDeploymentPostprocessing = 0;
		};
		45D335441F24A59000102F41 /* Sources */ = {
			isa = PBXSourcesBuildPhase;
			buildActionMask = 2147483647;
			files = (
				45D3354D1F24A59000102F41 /* TaGeladaAppTests.swift in Sources */,
			);
			runOnlyForDeploymentPostprocessing = 0;
		};
/* End PBXSourcesBuildPhase section */

/* Begin PBXTargetDependency section */
		45D3354A1F24A59000102F41 /* PBXTargetDependency */ = {
			isa = PBXTargetDependency;
			target = 45D335301F24A59000102F41 /* TaGeladaApp */;
			targetProxy = 45D335491F24A59000102F41 /* PBXContainerItemProxy */;
		};
/* End PBXTargetDependency section */

/* Begin PBXVariantGroup section */
		45D335381F24A59000102F41 /* Main.storyboard */ = {
			isa = PBXVariantGroup;
			children = (
				45D335391F24A59000102F41 /* Base */,
			);
			name = Main.storyboard;
			sourceTree = "<group>";
		};
		45D335401F24A59000102F41 /* LaunchScreen.storyboard */ = {
			isa = PBXVariantGroup;
			children = (
				45D335411F24A59000102F41 /* Base */,
			);
			name = LaunchScreen.storyboard;
			sourceTree = "<group>";
		};
/* End PBXVariantGroup section */

/* Begin XCBuildConfiguration section */
		45D3354F1F24A59000102F41 /* Debug */ = {
			isa = XCBuildConfiguration;
			buildSettings = {
				ALWAYS_SEARCH_USER_PATHS = NO;
				CLANG_ANALYZER_NONNULL = YES;
				CLANG_ANALYZER_NUMBER_OBJECT_CONVERSION = YES_AGGRESSIVE;
				CLANG_CXX_LANGUAGE_STANDARD = "gnu++0x";
				CLANG_CXX_LIBRARY = "libc++";
				CLANG_ENABLE_MODULES = YES;
				CLANG_ENABLE_OBJC_ARC = YES;
				CLANG_WARN_BOOL_CONVERSION = YES;
				CLANG_WARN_CONSTANT_CONVERSION = YES;
				CLANG_WARN_DIRECT_OBJC_ISA_USAGE = YES_ERROR;
				CLANG_WARN_DOCUMENTATION_COMMENTS = YES;
				CLANG_WARN_EMPTY_BODY = YES;
				CLANG_WARN_ENUM_CONVERSION = YES;
				CLANG_WARN_INFINITE_RECURSION = YES;
				CLANG_WARN_INT_CONVERSION = YES;
				CLANG_WARN_OBJC_ROOT_CLASS = YES_ERROR;
				CLANG_WARN_SUSPICIOUS_MOVE = YES;
				CLANG_WARN_UNREACHABLE_CODE = YES;
				CLANG_WARN__DUPLICATE_METHOD_MATCH = YES;
				"CODE_SIGN_IDENTITY[sdk=iphoneos*]" = "iPhone Developer";
				COPY_PHASE_STRIP = NO;
				DEBUG_INFORMATION_FORMAT = dwarf;
				ENABLE_STRICT_OBJC_MSGSEND = YES;
				ENABLE_TESTABILITY = YES;
				GCC_C_LANGUAGE_STANDARD = gnu99;
				GCC_DYNAMIC_NO_PIC = NO;
				GCC_NO_COMMON_BLOCKS = YES;
				GCC_OPTIMIZATION_LEVEL = 0;
				GCC_PREPROCESSOR_DEFINITIONS = (
					"DEBUG=1",
					"$(inherited)",
				);
				GCC_WARN_64_TO_32_BIT_CONVERSION = YES;
				GCC_WARN_ABOUT_RETURN_TYPE = YES_ERROR;
				GCC_WARN_UNDECLARED_SELECTOR = YES;
				GCC_WARN_UNINITIALIZED_AUTOS = YES_AGGRESSIVE;
				GCC_WARN_UNUSED_FUNCTION = YES;
				GCC_WARN_UNUSED_VARIABLE = YES;
				IPHONEOS_DEPLOYMENT_TARGET = 10.3;
				MTL_ENABLE_DEBUG_INFO = YES;
				ONLY_ACTIVE_ARCH = YES;
				SDKROOT = iphoneos;
				SWIFT_ACTIVE_COMPILATION_CONDITIONS = DEBUG;
				SWIFT_OPTIMIZATION_LEVEL = "-Onone";
				TARGETED_DEVICE_FAMILY = "1,2";
			};
			name = Debug;
		};
		45D335501F24A59000102F41 /* Release */ = {
			isa = XCBuildConfiguration;
			buildSettings = {
				ALWAYS_SEARCH_USER_PATHS = NO;
				CLANG_ANALYZER_NONNULL = YES;
				CLANG_ANALYZER_NUMBER_OBJECT_CONVERSION = YES_AGGRESSIVE;
				CLANG_CXX_LANGUAGE_STANDARD = "gnu++0x";
				CLANG_CXX_LIBRARY = "libc++";
				CLANG_ENABLE_MODULES = YES;
				CLANG_ENABLE_OBJC_ARC = YES;
				CLANG_WARN_BOOL_CONVERSION = YES;
				CLANG_WARN_CONSTANT_CONVERSION = YES;
				CLANG_WARN_DIRECT_OBJC_ISA_USAGE = YES_ERROR;
				CLANG_WARN_DOCUMENTATION_COMMENTS = YES;
				CLANG_WARN_EMPTY_BODY = YES;
				CLANG_WARN_ENUM_CONVERSION = YES;
				CLANG_WARN_INFINITE_RECURSION = YES;
				CLANG_WARN_INT_CONVERSION = YES;
				CLANG_WARN_OBJC_ROOT_CLASS = YES_ERROR;
				CLANG_WARN_SUSPICIOUS_MOVE = YES;
				CLANG_WARN_UNREACHABLE_CODE = YES;
				CLANG_WARN__DUPLICATE_METHOD_MATCH = YES;
				"CODE_SIGN_IDENTITY[sdk=iphoneos*]" = "iPhone Developer";
				COPY_PHASE_STRIP = NO;
				DEBUG_INFORMATION_FORMAT = "dwarf-with-dsym";
				ENABLE_NS_ASSERTIONS = NO;
				ENABLE_STRICT_OBJC_MSGSEND = YES;
				GCC_C_LANGUAGE_STANDARD = gnu99;
				GCC_NO_COMMON_BLOCKS = YES;
				GCC_WARN_64_TO_32_BIT_CONVERSION = YES;
				GCC_WARN_ABOUT_RETURN_TYPE = YES_ERROR;
				GCC_WARN_UNDECLARED_SELECTOR = YES;
				GCC_WARN_UNINITIALIZED_AUTOS = YES_AGGRESSIVE;
				GCC_WARN_UNUSED_FUNCTION = YES;
				GCC_WARN_UNUSED_VARIABLE = YES;
				IPHONEOS_DEPLOYMENT_TARGET = 10.3;
				MTL_ENABLE_DEBUG_INFO = NO;
				SDKROOT = iphoneos;
				SWIFT_OPTIMIZATION_LEVEL = "-Owholemodule";
				TARGETED_DEVICE_FAMILY = "1,2";
				VALIDATE_PRODUCT = YES;
			};
			name = Release;
		};
		45D335521F24A59000102F41 /* Debug */ = {
			isa = XCBuildConfiguration;
			buildSettings = {
				ASSETCATALOG_COMPILER_APPICON_NAME = AppIcon;
				DEVELOPMENT_TEAM = R34U94DD3F;
				INFOPLIST_FILE = TaGeladaApp/Info.plist;
				IPHONEOS_DEPLOYMENT_TARGET = 10.0;
				LD_RUNPATH_SEARCH_PATHS = "$(inherited) @executable_path/Frameworks";
				PRODUCT_BUNDLE_IDENTIFIER = com.bruno.TaGeladaApp;
				PRODUCT_NAME = "$(TARGET_NAME)";
				SWIFT_VERSION = 3.0;
			};
			name = Debug;
		};
		45D335531F24A59000102F41 /* Release */ = {
			isa = XCBuildConfiguration;
			buildSettings = {
				ASSETCATALOG_COMPILER_APPICON_NAME = AppIcon;
				DEVELOPMENT_TEAM = R34U94DD3F;
				INFOPLIST_FILE = TaGeladaApp/Info.plist;
				IPHONEOS_DEPLOYMENT_TARGET = 10.0;
				LD_RUNPATH_SEARCH_PATHS = "$(inherited) @executable_path/Frameworks";
				PRODUCT_BUNDLE_IDENTIFIER = com.bruno.TaGeladaApp;
				PRODUCT_NAME = "$(TARGET_NAME)";
				SWIFT_VERSION = 3.0;
			};
			name = Release;
		};
		45D335551F24A59000102F41 /* Debug */ = {
			isa = XCBuildConfiguration;
			buildSettings = {
				ALWAYS_EMBED_SWIFT_STANDARD_LIBRARIES = YES;
				BUNDLE_LOADER = "$(TEST_HOST)";
				DEVELOPMENT_TEAM = R34U94DD3F;
				INFOPLIST_FILE = TaGeladaAppTests/Info.plist;
				LD_RUNPATH_SEARCH_PATHS = "$(inherited) @executable_path/Frameworks @loader_path/Frameworks";
				PRODUCT_BUNDLE_IDENTIFIER = com.bruno.TaGeladaAppTests;
				PRODUCT_NAME = "$(TARGET_NAME)";
				SWIFT_VERSION = 3.0;
				TEST_HOST = "$(BUILT_PRODUCTS_DIR)/TaGeladaApp.app/TaGeladaApp";
			};
			name = Debug;
		};
		45D335561F24A59000102F41 /* Release */ = {
			isa = XCBuildConfiguration;
			buildSettings = {
				ALWAYS_EMBED_SWIFT_STANDARD_LIBRARIES = YES;
				BUNDLE_LOADER = "$(TEST_HOST)";
				DEVELOPMENT_TEAM = R34U94DD3F;
				INFOPLIST_FILE = TaGeladaAppTests/Info.plist;
				LD_RUNPATH_SEARCH_PATHS = "$(inherited) @executable_path/Frameworks @loader_path/Frameworks";
				PRODUCT_BUNDLE_IDENTIFIER = com.bruno.TaGeladaAppTests;
				PRODUCT_NAME = "$(TARGET_NAME)";
				SWIFT_VERSION = 3.0;
				TEST_HOST = "$(BUILT_PRODUCTS_DIR)/TaGeladaApp.app/TaGeladaApp";
			};
			name = Release;
		};
/* End XCBuildConfiguration section */

/* Begin XCConfigurationList section */
		45D3352C1F24A58F00102F41 /* Build configuration list for PBXProject "TaGeladaApp" */ = {
			isa = XCConfigurationList;
			buildConfigurations = (
				45D3354F1F24A59000102F41 /* Debug */,
				45D335501F24A59000102F41 /* Release */,
			);
			defaultConfigurationIsVisible = 0;
			defaultConfigurationName = Release;
		};
		45D335511F24A59000102F41 /* Build configuration list for PBXNativeTarget "TaGeladaApp" */ = {
			isa = XCConfigurationList;
			buildConfigurations = (
				45D335521F24A59000102F41 /* Debug */,
				45D335531F24A59000102F41 /* Release */,
			);
			defaultConfigurationIsVisible = 0;
			defaultConfigurationName = Release;
		};
		45D335541F24A59000102F41 /* Build configuration list for PBXNativeTarget "TaGeladaAppTests" */ = {
			isa = XCConfigurationList;
			buildConfigurations = (
				45D335551F24A59000102F41 /* Debug */,
				45D335561F24A59000102F41 /* Release */,
			);
			defaultConfigurationIsVisible = 0;
			defaultConfigurationName = Release;
		};
/* End XCConfigurationList section */

/* Begin XCVersionGroup section */
		45D3353B1F24A59000102F41 /* TaGeladaApp.xcdatamodeld */ = {
			isa = XCVersionGroup;
			children = (
				45D3353C1F24A59000102F41 /* TaGeladaApp.xcdatamodel */,
			);
			currentVersion = 45D3353C1F24A59000102F41 /* TaGeladaApp.xcdatamodel */;
			path = TaGeladaApp.xcdatamodeld;
			sourceTree = "<group>";
			versionGroupType = wrapper.xcdatamodel;
		};
/* End XCVersionGroup section */
	};
	rootObject = 45D335291F24A58F00102F41 /* Project object */;
}
